// !$*UTF8*$!
{
	archiveVersion = 1;
	classes = {
	};
	objectVersion = 77;
	objects = {

/* Begin PBXBuildFile section */
		9365B3CE37AAD1C12388CADD /* Pods_flixpedia_swiftuiTests.framework in Frameworks */ = {isa = PBXBuildFile; fileRef = F133461B583B9ECEDCC161AE /* Pods_flixpedia_swiftuiTests.framework */; };
		DDD554ACBDA212EC6E897913 /* Pods_flixpedia_swiftui_flixpedia_swiftuiUITests.framework in Frameworks */ = {isa = PBXBuildFile; fileRef = D737F832B1FDED1D049EFBBE /* Pods_flixpedia_swiftui_flixpedia_swiftuiUITests.framework */; };
		F7006913A14A78F377AF9E8A /* Pods_flixpedia_swiftui.framework in Frameworks */ = {isa = PBXBuildFile; fileRef = 30A8AB8CBF5EF59DC3C616B2 /* Pods_flixpedia_swiftui.framework */; };
/* End PBXBuildFile section */

/* Begin PBXContainerItemProxy section */
		2D307B512CE3A6E600FDEF97 /* PBXContainerItemProxy */ = {
			isa = PBXContainerItemProxy;
			containerPortal = 2D307B382CE3A6E400FDEF97 /* Project object */;
			proxyType = 1;
			remoteGlobalIDString = 2D307B3F2CE3A6E400FDEF97;
			remoteInfo = "flixpedia-swiftui";
		};
		2D307B5B2CE3A6E600FDEF97 /* PBXContainerItemProxy */ = {
			isa = PBXContainerItemProxy;
			containerPortal = 2D307B382CE3A6E400FDEF97 /* Project object */;
			proxyType = 1;
			remoteGlobalIDString = 2D307B3F2CE3A6E400FDEF97;
			remoteInfo = "flixpedia-swiftui";
		};
/* End PBXContainerItemProxy section */

/* Begin PBXFileReference section */
		2D307B402CE3A6E400FDEF97 /* flixpedia-swiftui.app */ = {isa = PBXFileReference; explicitFileType = wrapper.application; includeInIndex = 0; path = "flixpedia-swiftui.app"; sourceTree = BUILT_PRODUCTS_DIR; };
		2D307B502CE3A6E600FDEF97 /* flixpedia-swiftuiTests.xctest */ = {isa = PBXFileReference; explicitFileType = wrapper.cfbundle; includeInIndex = 0; path = "flixpedia-swiftuiTests.xctest"; sourceTree = BUILT_PRODUCTS_DIR; };
		2D307B5A2CE3A6E600FDEF97 /* flixpedia-swiftuiUITests.xctest */ = {isa = PBXFileReference; explicitFileType = wrapper.cfbundle; includeInIndex = 0; path = "flixpedia-swiftuiUITests.xctest"; sourceTree = BUILT_PRODUCTS_DIR; };
		30A8AB8CBF5EF59DC3C616B2 /* Pods_flixpedia_swiftui.framework */ = {isa = PBXFileReference; explicitFileType = wrapper.framework; includeInIndex = 0; path = Pods_flixpedia_swiftui.framework; sourceTree = BUILT_PRODUCTS_DIR; };
		41E5FFFA16BAA6D7BD8646FF /* Pods-flixpedia-swiftui.release.xcconfig */ = {isa = PBXFileReference; includeInIndex = 1; lastKnownFileType = text.xcconfig; name = "Pods-flixpedia-swiftui.release.xcconfig"; path = "Target Support Files/Pods-flixpedia-swiftui/Pods-flixpedia-swiftui.release.xcconfig"; sourceTree = "<group>"; };
		6571B5B3D3397D17F7100B36 /* Pods-flixpedia-swiftui-flixpedia-swiftuiUITests.release.xcconfig */ = {isa = PBXFileReference; includeInIndex = 1; lastKnownFileType = text.xcconfig; name = "Pods-flixpedia-swiftui-flixpedia-swiftuiUITests.release.xcconfig"; path = "Target Support Files/Pods-flixpedia-swiftui-flixpedia-swiftuiUITests/Pods-flixpedia-swiftui-flixpedia-swiftuiUITests.release.xcconfig"; sourceTree = "<group>"; };
		94A517EE2AE43842B531FA51 /* Pods-flixpedia-swiftuiTests.debug.xcconfig */ = {isa = PBXFileReference; includeInIndex = 1; lastKnownFileType = text.xcconfig; name = "Pods-flixpedia-swiftuiTests.debug.xcconfig"; path = "Target Support Files/Pods-flixpedia-swiftuiTests/Pods-flixpedia-swiftuiTests.debug.xcconfig"; sourceTree = "<group>"; };
		CC48840A642AF1974F1CEA04 /* Pods-flixpedia-swiftuiTests.release.xcconfig */ = {isa = PBXFileReference; includeInIndex = 1; lastKnownFileType = text.xcconfig; name = "Pods-flixpedia-swiftuiTests.release.xcconfig"; path = "Target Support Files/Pods-flixpedia-swiftuiTests/Pods-flixpedia-swiftuiTests.release.xcconfig"; sourceTree = "<group>"; };
		D737F832B1FDED1D049EFBBE /* Pods_flixpedia_swiftui_flixpedia_swiftuiUITests.framework */ = {isa = PBXFileReference; explicitFileType = wrapper.framework; includeInIndex = 0; path = Pods_flixpedia_swiftui_flixpedia_swiftuiUITests.framework; sourceTree = BUILT_PRODUCTS_DIR; };
		E82FABCB6AD51673BC1A0904 /* Pods-flixpedia-swiftui.debug.xcconfig */ = {isa = PBXFileReference; includeInIndex = 1; lastKnownFileType = text.xcconfig; name = "Pods-flixpedia-swiftui.debug.xcconfig"; path = "Target Support Files/Pods-flixpedia-swiftui/Pods-flixpedia-swiftui.debug.xcconfig"; sourceTree = "<group>"; };
		E9B74013B63DB53679C72097 /* Pods-flixpedia-swiftui-flixpedia-swiftuiUITests.debug.xcconfig */ = {isa = PBXFileReference; includeInIndex = 1; lastKnownFileType = text.xcconfig; name = "Pods-flixpedia-swiftui-flixpedia-swiftuiUITests.debug.xcconfig"; path = "Target Support Files/Pods-flixpedia-swiftui-flixpedia-swiftuiUITests/Pods-flixpedia-swiftui-flixpedia-swiftuiUITests.debug.xcconfig"; sourceTree = "<group>"; };
		F133461B583B9ECEDCC161AE /* Pods_flixpedia_swiftuiTests.framework */ = {isa = PBXFileReference; explicitFileType = wrapper.framework; includeInIndex = 0; path = Pods_flixpedia_swiftuiTests.framework; sourceTree = BUILT_PRODUCTS_DIR; };
/* End PBXFileReference section */

/* Begin PBXFileSystemSynchronizedRootGroup section */
		2D307B422CE3A6E400FDEF97 /* flixpedia-swiftui */ = {
			isa = PBXFileSystemSynchronizedRootGroup;
			path = "flixpedia-swiftui";
			sourceTree = "<group>";
		};
		2D307B532CE3A6E600FDEF97 /* flixpedia-swiftuiTests */ = {
			isa = PBXFileSystemSynchronizedRootGroup;
			path = "flixpedia-swiftuiTests";
			sourceTree = "<group>";
		};
		2D307B5D2CE3A6E600FDEF97 /* flixpedia-swiftuiUITests */ = {
			isa = PBXFileSystemSynchronizedRootGroup;
			path = "flixpedia-swiftuiUITests";
			sourceTree = "<group>";
		};
/* End PBXFileSystemSynchronizedRootGroup section */

/* Begin PBXFrameworksBuildPhase section */
		2D307B3D2CE3A6E400FDEF97 /* Frameworks */ = {
			isa = PBXFrameworksBuildPhase;
			buildActionMask = 2147483647;
			files = (
				F7006913A14A78F377AF9E8A /* Pods_flixpedia_swiftui.framework in Frameworks */,
			);
			runOnlyForDeploymentPostprocessing = 0;
		};
		2D307B4D2CE3A6E600FDEF97 /* Frameworks */ = {
			isa = PBXFrameworksBuildPhase;
			buildActionMask = 2147483647;
			files = (
				9365B3CE37AAD1C12388CADD /* Pods_flixpedia_swiftuiTests.framework in Frameworks */,
			);
			runOnlyForDeploymentPostprocessing = 0;
		};
		2D307B572CE3A6E600FDEF97 /* Frameworks */ = {
			isa = PBXFrameworksBuildPhase;
			buildActionMask = 2147483647;
			files = (
				DDD554ACBDA212EC6E897913 /* Pods_flixpedia_swiftui_flixpedia_swiftuiUITests.framework in Frameworks */,
			);
			runOnlyForDeploymentPostprocessing = 0;
		};
/* End PBXFrameworksBuildPhase section */

/* Begin PBXGroup section */
		2D307B372CE3A6E400FDEF97 = {
			isa = PBXGroup;
			children = (
				2D307B422CE3A6E400FDEF97 /* flixpedia-swiftui */,
				2D307B532CE3A6E600FDEF97 /* flixpedia-swiftuiTests */,
				2D307B5D2CE3A6E600FDEF97 /* flixpedia-swiftuiUITests */,
				2D307B412CE3A6E400FDEF97 /* Products */,
				94B85C588684F8A1EE1BEEF6 /* Pods */,
				9BCAC80C87BEF4EEAFCA5605 /* Frameworks */,
			);
			sourceTree = "<group>";
		};
		2D307B412CE3A6E400FDEF97 /* Products */ = {
			isa = PBXGroup;
			children = (
				2D307B402CE3A6E400FDEF97 /* flixpedia-swiftui.app */,
				2D307B502CE3A6E600FDEF97 /* flixpedia-swiftuiTests.xctest */,
				2D307B5A2CE3A6E600FDEF97 /* flixpedia-swiftuiUITests.xctest */,
			);
			name = Products;
			sourceTree = "<group>";
		};
		94B85C588684F8A1EE1BEEF6 /* Pods */ = {
			isa = PBXGroup;
			children = (
				E82FABCB6AD51673BC1A0904 /* Pods-flixpedia-swiftui.debug.xcconfig */,
				41E5FFFA16BAA6D7BD8646FF /* Pods-flixpedia-swiftui.release.xcconfig */,
				E9B74013B63DB53679C72097 /* Pods-flixpedia-swiftui-flixpedia-swiftuiUITests.debug.xcconfig */,
				6571B5B3D3397D17F7100B36 /* Pods-flixpedia-swiftui-flixpedia-swiftuiUITests.release.xcconfig */,
				94A517EE2AE43842B531FA51 /* Pods-flixpedia-swiftuiTests.debug.xcconfig */,
				CC48840A642AF1974F1CEA04 /* Pods-flixpedia-swiftuiTests.release.xcconfig */,
			);
			path = Pods;
			sourceTree = "<group>";
		};
		9BCAC80C87BEF4EEAFCA5605 /* Frameworks */ = {
			isa = PBXGroup;
			children = (
				30A8AB8CBF5EF59DC3C616B2 /* Pods_flixpedia_swiftui.framework */,
				D737F832B1FDED1D049EFBBE /* Pods_flixpedia_swiftui_flixpedia_swiftuiUITests.framework */,
				F133461B583B9ECEDCC161AE /* Pods_flixpedia_swiftuiTests.framework */,
			);
			name = Frameworks;
			sourceTree = "<group>";
		};
/* End PBXGroup section */

/* Begin PBXNativeTarget section */
		2D307B3F2CE3A6E400FDEF97 /* flixpedia-swiftui */ = {
			isa = PBXNativeTarget;
			buildConfigurationList = 2D307B642CE3A6E600FDEF97 /* Build configuration list for PBXNativeTarget "flixpedia-swiftui" */;
			buildPhases = (
				7FF54AA2D2A3FCCAB115869C /* [CP] Check Pods Manifest.lock */,
				2D307B3C2CE3A6E400FDEF97 /* Sources */,
				2D307B3D2CE3A6E400FDEF97 /* Frameworks */,
				2D307B3E2CE3A6E400FDEF97 /* Resources */,
				AB515A0015826CB440125998 /* [CP] Embed Pods Frameworks */,
			);
			buildRules = (
			);
			dependencies = (
			);
			fileSystemSynchronizedGroups = (
				2D307B422CE3A6E400FDEF97 /* flixpedia-swiftui */,
			);
			name = "flixpedia-swiftui";
			productName = "flixpedia-swiftui";
			productReference = 2D307B402CE3A6E400FDEF97 /* flixpedia-swiftui.app */;
			productType = "com.apple.product-type.application";
		};
		2D307B4F2CE3A6E600FDEF97 /* flixpedia-swiftuiTests */ = {
			isa = PBXNativeTarget;
			buildConfigurationList = 2D307B672CE3A6E600FDEF97 /* Build configuration list for PBXNativeTarget "flixpedia-swiftuiTests" */;
			buildPhases = (
				5D229ECF8D153CEE2808749F /* [CP] Check Pods Manifest.lock */,
				2D307B4C2CE3A6E600FDEF97 /* Sources */,
				2D307B4D2CE3A6E600FDEF97 /* Frameworks */,
				2D307B4E2CE3A6E600FDEF97 /* Resources */,
			);
			buildRules = (
			);
			dependencies = (
				2D307B522CE3A6E600FDEF97 /* PBXTargetDependency */,
			);
			fileSystemSynchronizedGroups = (
				2D307B532CE3A6E600FDEF97 /* flixpedia-swiftuiTests */,
			);
			name = "flixpedia-swiftuiTests";
			productName = "flixpedia-swiftuiTests";
			productReference = 2D307B502CE3A6E600FDEF97 /* flixpedia-swiftuiTests.xctest */;
			productType = "com.apple.product-type.bundle.unit-test";
		};
		2D307B592CE3A6E600FDEF97 /* flixpedia-swiftuiUITests */ = {
			isa = PBXNativeTarget;
			buildConfigurationList = 2D307B6A2CE3A6E600FDEF97 /* Build configuration list for PBXNativeTarget "flixpedia-swiftuiUITests" */;
			buildPhases = (
				EC5B6334F7A9898A90692B0C /* [CP] Check Pods Manifest.lock */,
				2D307B562CE3A6E600FDEF97 /* Sources */,
				2D307B572CE3A6E600FDEF97 /* Frameworks */,
				2D307B582CE3A6E600FDEF97 /* Resources */,
				E4F73A3AC85D82C4B20773D3 /* [CP] Embed Pods Frameworks */,
			);
			buildRules = (
			);
			dependencies = (
				2D307B5C2CE3A6E600FDEF97 /* PBXTargetDependency */,
			);
			fileSystemSynchronizedGroups = (
				2D307B5D2CE3A6E600FDEF97 /* flixpedia-swiftuiUITests */,
			);
			name = "flixpedia-swiftuiUITests";
			productName = "flixpedia-swiftuiUITests";
			productReference = 2D307B5A2CE3A6E600FDEF97 /* flixpedia-swiftuiUITests.xctest */;
			productType = "com.apple.product-type.bundle.ui-testing";
		};
/* End PBXNativeTarget section */

/* Begin PBXProject section */
		2D307B382CE3A6E400FDEF97 /* Project object */ = {
			isa = PBXProject;
			attributes = {
				BuildIndependentTargetsInParallel = 1;
				LastSwiftUpdateCheck = 1610;
				LastUpgradeCheck = 1610;
				TargetAttributes = {
					2D307B3F2CE3A6E400FDEF97 = {
						CreatedOnToolsVersion = 16.1;
					};
					2D307B4F2CE3A6E600FDEF97 = {
						CreatedOnToolsVersion = 16.1;
						TestTargetID = 2D307B3F2CE3A6E400FDEF97;
					};
					2D307B592CE3A6E600FDEF97 = {
						CreatedOnToolsVersion = 16.1;
						TestTargetID = 2D307B3F2CE3A6E400FDEF97;
					};
				};
			};
			buildConfigurationList = 2D307B3B2CE3A6E400FDEF97 /* Build configuration list for PBXProject "flixpedia-swiftui" */;
			developmentRegion = en;
			hasScannedForEncodings = 0;
			knownRegions = (
				en,
				Base,
			);
			mainGroup = 2D307B372CE3A6E400FDEF97;
			minimizedProjectReferenceProxies = 1;
			preferredProjectObjectVersion = 77;
			productRefGroup = 2D307B412CE3A6E400FDEF97 /* Products */;
			projectDirPath = "";
			projectRoot = "";
			targets = (
				2D307B3F2CE3A6E400FDEF97 /* flixpedia-swiftui */,
				2D307B4F2CE3A6E600FDEF97 /* flixpedia-swiftuiTests */,
				2D307B592CE3A6E600FDEF97 /* flixpedia-swiftuiUITests */,
			);
		};
/* End PBXProject section */

/* Begin PBXResourcesBuildPhase section */
		2D307B3E2CE3A6E400FDEF97 /* Resources */ = {
			isa = PBXResourcesBuildPhase;
			buildActionMask = 2147483647;
			files = (
			);
			runOnlyForDeploymentPostprocessing = 0;
		};
		2D307B4E2CE3A6E600FDEF97 /* Resources */ = {
			isa = PBXResourcesBuildPhase;
			buildActionMask = 2147483647;
			files = (
			);
			runOnlyForDeploymentPostprocessing = 0;
		};
		2D307B582CE3A6E600FDEF97 /* Resources */ = {
			isa = PBXResourcesBuildPhase;
			buildActionMask = 2147483647;
			files = (
			);
			runOnlyForDeploymentPostprocessing = 0;
		};
/* End PBXResourcesBuildPhase section */

/* Begin PBXShellScriptBuildPhase section */
		5D229ECF8D153CEE2808749F /* [CP] Check Pods Manifest.lock */ = {
			isa = PBXShellScriptBuildPhase;
			buildActionMask = 2147483647;
			files = (
			);
			inputFileListPaths = (
			);
			inputPaths = (
				"${PODS_PODFILE_DIR_PATH}/Podfile.lock",
				"${PODS_ROOT}/Manifest.lock",
			);
			name = "[CP] Check Pods Manifest.lock";
			outputFileListPaths = (
			);
			outputPaths = (
				"$(DERIVED_FILE_DIR)/Pods-flixpedia-swiftuiTests-checkManifestLockResult.txt",
			);
			runOnlyForDeploymentPostprocessing = 0;
			shellPath = /bin/sh;
			shellScript = "diff \"${PODS_PODFILE_DIR_PATH}/Podfile.lock\" \"${PODS_ROOT}/Manifest.lock\" > /dev/null\nif [ $? != 0 ] ; then\n    # print error to STDERR\n    echo \"error: The sandbox is not in sync with the Podfile.lock. Run 'pod install' or update your CocoaPods installation.\" >&2\n    exit 1\nfi\n# This output is used by Xcode 'outputs' to avoid re-running this script phase.\necho \"SUCCESS\" > \"${SCRIPT_OUTPUT_FILE_0}\"\n";
			showEnvVarsInLog = 0;
		};
		7FF54AA2D2A3FCCAB115869C /* [CP] Check Pods Manifest.lock */ = {
			isa = PBXShellScriptBuildPhase;
			buildActionMask = 2147483647;
			files = (
			);
			inputFileListPaths = (
			);
			inputPaths = (
				"${PODS_PODFILE_DIR_PATH}/Podfile.lock",
				"${PODS_ROOT}/Manifest.lock",
			);
			name = "[CP] Check Pods Manifest.lock";
			outputFileListPaths = (
			);
			outputPaths = (
				"$(DERIVED_FILE_DIR)/Pods-flixpedia-swiftui-checkManifestLockResult.txt",
			);
			runOnlyForDeploymentPostprocessing = 0;
			shellPath = /bin/sh;
			shellScript = "diff \"${PODS_PODFILE_DIR_PATH}/Podfile.lock\" \"${PODS_ROOT}/Manifest.lock\" > /dev/null\nif [ $? != 0 ] ; then\n    # print error to STDERR\n    echo \"error: The sandbox is not in sync with the Podfile.lock. Run 'pod install' or update your CocoaPods installation.\" >&2\n    exit 1\nfi\n# This output is used by Xcode 'outputs' to avoid re-running this script phase.\necho \"SUCCESS\" > \"${SCRIPT_OUTPUT_FILE_0}\"\n";
			showEnvVarsInLog = 0;
		};
		AB515A0015826CB440125998 /* [CP] Embed Pods Frameworks */ = {
			isa = PBXShellScriptBuildPhase;
			buildActionMask = 2147483647;
			files = (
			);
			inputFileListPaths = (
				"${PODS_ROOT}/Target Support Files/Pods-flixpedia-swiftui/Pods-flixpedia-swiftui-frameworks-${CONFIGURATION}-input-files.xcfilelist",
			);
			name = "[CP] Embed Pods Frameworks";
			outputFileListPaths = (
				"${PODS_ROOT}/Target Support Files/Pods-flixpedia-swiftui/Pods-flixpedia-swiftui-frameworks-${CONFIGURATION}-output-files.xcfilelist",
			);
			runOnlyForDeploymentPostprocessing = 0;
			shellPath = /bin/sh;
			shellScript = "\"${PODS_ROOT}/Target Support Files/Pods-flixpedia-swiftui/Pods-flixpedia-swiftui-frameworks.sh\"\n";
			showEnvVarsInLog = 0;
		};
		E4F73A3AC85D82C4B20773D3 /* [CP] Embed Pods Frameworks */ = {
			isa = PBXShellScriptBuildPhase;
			buildActionMask = 2147483647;
			files = (
			);
			inputFileListPaths = (
				"${PODS_ROOT}/Target Support Files/Pods-flixpedia-swiftui-flixpedia-swiftuiUITests/Pods-flixpedia-swiftui-flixpedia-swiftuiUITests-frameworks-${CONFIGURATION}-input-files.xcfilelist",
			);
			name = "[CP] Embed Pods Frameworks";
			outputFileListPaths = (
				"${PODS_ROOT}/Target Support Files/Pods-flixpedia-swiftui-flixpedia-swiftuiUITests/Pods-flixpedia-swiftui-flixpedia-swiftuiUITests-frameworks-${CONFIGURATION}-output-files.xcfilelist",
			);
			runOnlyForDeploymentPostprocessing = 0;
			shellPath = /bin/sh;
			shellScript = "\"${PODS_ROOT}/Target Support Files/Pods-flixpedia-swiftui-flixpedia-swiftuiUITests/Pods-flixpedia-swiftui-flixpedia-swiftuiUITests-frameworks.sh\"\n";
			showEnvVarsInLog = 0;
		};
		EC5B6334F7A9898A90692B0C /* [CP] Check Pods Manifest.lock */ = {
			isa = PBXShellScriptBuildPhase;
			buildActionMask = 2147483647;
			files = (
			);
			inputFileListPaths = (
			);
			inputPaths = (
				"${PODS_PODFILE_DIR_PATH}/Podfile.lock",
				"${PODS_ROOT}/Manifest.lock",
			);
			name = "[CP] Check Pods Manifest.lock";
			outputFileListPaths = (
			);
			outputPaths = (
				"$(DERIVED_FILE_DIR)/Pods-flixpedia-swiftui-flixpedia-swiftuiUITests-checkManifestLockResult.txt",
			);
			runOnlyForDeploymentPostprocessing = 0;
			shellPath = /bin/sh;
			shellScript = "diff \"${PODS_PODFILE_DIR_PATH}/Podfile.lock\" \"${PODS_ROOT}/Manifest.lock\" > /dev/null\nif [ $? != 0 ] ; then\n    # print error to STDERR\n    echo \"error: The sandbox is not in sync with the Podfile.lock. Run 'pod install' or update your CocoaPods installation.\" >&2\n    exit 1\nfi\n# This output is used by Xcode 'outputs' to avoid re-running this script phase.\necho \"SUCCESS\" > \"${SCRIPT_OUTPUT_FILE_0}\"\n";
			showEnvVarsInLog = 0;
		};
/* End PBXShellScriptBuildPhase section */

/* Begin PBXSourcesBuildPhase section */
		2D307B3C2CE3A6E400FDEF97 /* Sources */ = {
			isa = PBXSourcesBuildPhase;
			buildActionMask = 2147483647;
			files = (
			);
			runOnlyForDeploymentPostprocessing = 0;
		};
		2D307B4C2CE3A6E600FDEF97 /* Sources */ = {
			isa = PBXSourcesBuildPhase;
			buildActionMask = 2147483647;
			files = (
			);
			runOnlyForDeploymentPostprocessing = 0;
		};
		2D307B562CE3A6E600FDEF97 /* Sources */ = {
			isa = PBXSourcesBuildPhase;
			buildActionMask = 2147483647;
			files = (
			);
			runOnlyForDeploymentPostprocessing = 0;
		};
/* End PBXSourcesBuildPhase section */

/* Begin PBXTargetDependency section */
		2D307B522CE3A6E600FDEF97 /* PBXTargetDependency */ = {
			isa = PBXTargetDependency;
			target = 2D307B3F2CE3A6E400FDEF97 /* flixpedia-swiftui */;
			targetProxy = 2D307B512CE3A6E600FDEF97 /* PBXContainerItemProxy */;
		};
		2D307B5C2CE3A6E600FDEF97 /* PBXTargetDependency */ = {
			isa = PBXTargetDependency;
			target = 2D307B3F2CE3A6E400FDEF97 /* flixpedia-swiftui */;
			targetProxy = 2D307B5B2CE3A6E600FDEF97 /* PBXContainerItemProxy */;
		};
/* End PBXTargetDependency section */

/* Begin XCBuildConfiguration section */
		2D307B622CE3A6E600FDEF97 /* Debug */ = {
			isa = XCBuildConfiguration;
			baseConfigurationReferenceAnchor = 2D307B422CE3A6E400FDEF97 /* flixpedia-swiftui */;
			baseConfigurationReferenceRelativePath = Config.xcconfig;
			buildSettings = {
				ALWAYS_SEARCH_USER_PATHS = NO;
				ASSETCATALOG_COMPILER_GENERATE_SWIFT_ASSET_SYMBOL_EXTENSIONS = YES;
				CLANG_ANALYZER_NONNULL = YES;
				CLANG_ANALYZER_NUMBER_OBJECT_CONVERSION = YES_AGGRESSIVE;
				CLANG_CXX_LANGUAGE_STANDARD = "gnu++20";
				CLANG_ENABLE_MODULES = YES;
				CLANG_ENABLE_OBJC_ARC = YES;
				CLANG_ENABLE_OBJC_WEAK = YES;
				CLANG_WARN_BLOCK_CAPTURE_AUTORELEASING = YES;
				CLANG_WARN_BOOL_CONVERSION = YES;
				CLANG_WARN_COMMA = YES;
				CLANG_WARN_CONSTANT_CONVERSION = YES;
				CLANG_WARN_DEPRECATED_OBJC_IMPLEMENTATIONS = YES;
				CLANG_WARN_DIRECT_OBJC_ISA_USAGE = YES_ERROR;
				CLANG_WARN_DOCUMENTATION_COMMENTS = YES;
				CLANG_WARN_EMPTY_BODY = YES;
				CLANG_WARN_ENUM_CONVERSION = YES;
				CLANG_WARN_INFINITE_RECURSION = YES;
				CLANG_WARN_INT_CONVERSION = YES;
				CLANG_WARN_NON_LITERAL_NULL_CONVERSION = YES;
				CLANG_WARN_OBJC_IMPLICIT_RETAIN_SELF = YES;
				CLANG_WARN_OBJC_LITERAL_CONVERSION = YES;
				CLANG_WARN_OBJC_ROOT_CLASS = YES_ERROR;
				CLANG_WARN_QUOTED_INCLUDE_IN_FRAMEWORK_HEADER = YES;
				CLANG_WARN_RANGE_LOOP_ANALYSIS = YES;
				CLANG_WARN_STRICT_PROTOTYPES = YES;
				CLANG_WARN_SUSPICIOUS_MOVE = YES;
				CLANG_WARN_UNGUARDED_AVAILABILITY = YES_AGGRESSIVE;
				CLANG_WARN_UNREACHABLE_CODE = YES;
				CLANG_WARN__DUPLICATE_METHOD_MATCH = YES;
				COPY_PHASE_STRIP = NO;
				DEBUG_INFORMATION_FORMAT = dwarf;
				ENABLE_STRICT_OBJC_MSGSEND = YES;
				ENABLE_TESTABILITY = YES;
				ENABLE_USER_SCRIPT_SANDBOXING = YES;
				GCC_C_LANGUAGE_STANDARD = gnu17;
				GCC_DYNAMIC_NO_PIC = NO;
				GCC_NO_COMMON_BLOCKS = YES;
				GCC_OPTIMIZATION_LEVEL = 0;
				GCC_PREPROCESSOR_DEFINITIONS = (
					"DEBUG=1",
					"$(inherited)",
				);
				GCC_WARN_64_TO_32_BIT_CONVERSION = YES;
				GCC_WARN_ABOUT_RETURN_TYPE = YES_ERROR;
				GCC_WARN_UNDECLARED_SELECTOR = YES;
				GCC_WARN_UNINITIALIZED_AUTOS = YES_AGGRESSIVE;
				GCC_WARN_UNUSED_FUNCTION = YES;
				GCC_WARN_UNUSED_VARIABLE = YES;
				IPHONEOS_DEPLOYMENT_TARGET = 18.1;
				LOCALIZATION_PREFERS_STRING_CATALOGS = YES;
				MTL_ENABLE_DEBUG_INFO = INCLUDE_SOURCE;
				MTL_FAST_MATH = YES;
				ONLY_ACTIVE_ARCH = YES;
				SDKROOT = iphoneos;
				SWIFT_ACTIVE_COMPILATION_CONDITIONS = "DEBUG $(inherited)";
				SWIFT_OPTIMIZATION_LEVEL = "-Onone";
			};
			name = Debug;
		};
		2D307B632CE3A6E600FDEF97 /* Release */ = {
			isa = XCBuildConfiguration;
			baseConfigurationReferenceAnchor = 2D307B422CE3A6E400FDEF97 /* flixpedia-swiftui */;
			baseConfigurationReferenceRelativePath = Config.xcconfig;
			buildSettings = {
				ALWAYS_SEARCH_USER_PATHS = NO;
				ASSETCATALOG_COMPILER_GENERATE_SWIFT_ASSET_SYMBOL_EXTENSIONS = YES;
				CLANG_ANALYZER_NONNULL = YES;
				CLANG_ANALYZER_NUMBER_OBJECT_CONVERSION = YES_AGGRESSIVE;
				CLANG_CXX_LANGUAGE_STANDARD = "gnu++20";
				CLANG_ENABLE_MODULES = YES;
				CLANG_ENABLE_OBJC_ARC = YES;
				CLANG_ENABLE_OBJC_WEAK = YES;
				CLANG_WARN_BLOCK_CAPTURE_AUTORELEASING = YES;
				CLANG_WARN_BOOL_CONVERSION = YES;
				CLANG_WARN_COMMA = YES;
				CLANG_WARN_CONSTANT_CONVERSION = YES;
				CLANG_WARN_DEPRECATED_OBJC_IMPLEMENTATIONS = YES;
				CLANG_WARN_DIRECT_OBJC_ISA_USAGE = YES_ERROR;
				CLANG_WARN_DOCUMENTATION_COMMENTS = YES;
				CLANG_WARN_EMPTY_BODY = YES;
				CLANG_WARN_ENUM_CONVERSION = YES;
				CLANG_WARN_INFINITE_RECURSION = YES;
				CLANG_WARN_INT_CONVERSION = YES;
				CLANG_WARN_NON_LITERAL_NULL_CONVERSION = YES;
				CLANG_WARN_OBJC_IMPLICIT_RETAIN_SELF = YES;
				CLANG_WARN_OBJC_LITERAL_CONVERSION = YES;
				CLANG_WARN_OBJC_ROOT_CLASS = YES_ERROR;
				CLANG_WARN_QUOTED_INCLUDE_IN_FRAMEWORK_HEADER = YES;
				CLANG_WARN_RANGE_LOOP_ANALYSIS = YES;
				CLANG_WARN_STRICT_PROTOTYPES = YES;
				CLANG_WARN_SUSPICIOUS_MOVE = YES;
				CLANG_WARN_UNGUARDED_AVAILABILITY = YES_AGGRESSIVE;
				CLANG_WARN_UNREACHABLE_CODE = YES;
				CLANG_WARN__DUPLICATE_METHOD_MATCH = YES;
				COPY_PHASE_STRIP = NO;
				DEBUG_INFORMATION_FORMAT = "dwarf-with-dsym";
				ENABLE_NS_ASSERTIONS = NO;
				ENABLE_STRICT_OBJC_MSGSEND = YES;
				ENABLE_USER_SCRIPT_SANDBOXING = YES;
				GCC_C_LANGUAGE_STANDARD = gnu17;
				GCC_NO_COMMON_BLOCKS = YES;
				GCC_WARN_64_TO_32_BIT_CONVERSION = YES;
				GCC_WARN_ABOUT_RETURN_TYPE = YES_ERROR;
				GCC_WARN_UNDECLARED_SELECTOR = YES;
				GCC_WARN_UNINITIALIZED_AUTOS = YES_AGGRESSIVE;
				GCC_WARN_UNUSED_FUNCTION = YES;
				GCC_WARN_UNUSED_VARIABLE = YES;
				IPHONEOS_DEPLOYMENT_TARGET = 18.1;
				LOCALIZATION_PREFERS_STRING_CATALOGS = YES;
				MTL_ENABLE_DEBUG_INFO = NO;
				MTL_FAST_MATH = YES;
				SDKROOT = iphoneos;
				SWIFT_COMPILATION_MODE = wholemodule;
				VALIDATE_PRODUCT = YES;
			};
			name = Release;
		};
		2D307B652CE3A6E600FDEF97 /* Debug */ = {
			isa = XCBuildConfiguration;
			baseConfigurationReference = E82FABCB6AD51673BC1A0904 /* Pods-flixpedia-swiftui.debug.xcconfig */;
			buildSettings = {
				ASSETCATALOG_COMPILER_APPICON_NAME = AppIcon;
				ASSETCATALOG_COMPILER_GLOBAL_ACCENT_COLOR_NAME = AccentColor;
				CODE_SIGN_STYLE = Automatic;
				CURRENT_PROJECT_VERSION = 1;
				DEVELOPMENT_ASSET_PATHS = "\"flixpedia-swiftui/Preview Content\"";
				DEVELOPMENT_TEAM = J93376GTPL;
				ENABLE_PREVIEWS = YES;
				ENABLE_USER_SCRIPT_SANDBOXING = NO;
				GENERATE_INFOPLIST_FILE = YES;
				INFOPLIST_KEY_UIApplicationSceneManifest_Generation = YES;
				INFOPLIST_KEY_UIApplicationSupportsIndirectInputEvents = YES;
				INFOPLIST_KEY_UILaunchScreen_Generation = YES;
				INFOPLIST_KEY_UISupportedInterfaceOrientations_iPad = "UIInterfaceOrientationPortrait UIInterfaceOrientationPortraitUpsideDown UIInterfaceOrientationLandscapeLeft UIInterfaceOrientationLandscapeRight";
				INFOPLIST_KEY_UISupportedInterfaceOrientations_iPhone = "UIInterfaceOrientationPortrait UIInterfaceOrientationLandscapeLeft UIInterfaceOrientationLandscapeRight";
				LD_RUNPATH_SEARCH_PATHS = (
					"$(inherited)",
					"@executable_path/Frameworks",
				);
				MARKETING_VERSION = 1.0;
				PRODUCT_BUNDLE_IDENTIFIER = "xyz.zinlinphyo.flixpedia-swiftui";
				PRODUCT_NAME = "$(TARGET_NAME)";
				SWIFT_EMIT_LOC_STRINGS = YES;
				SWIFT_VERSION = 5.0;
				TARGETED_DEVICE_FAMILY = "1,2";
			};
			name = Debug;
		};
		2D307B662CE3A6E600FDEF97 /* Release */ = {
			isa = XCBuildConfiguration;
			baseConfigurationReference = 41E5FFFA16BAA6D7BD8646FF /* Pods-flixpedia-swiftui.release.xcconfig */;
			buildSettings = {
				ASSETCATALOG_COMPILER_APPICON_NAME = AppIcon;
				ASSETCATALOG_COMPILER_GLOBAL_ACCENT_COLOR_NAME = AccentColor;
				CODE_SIGN_STYLE = Automatic;
				CURRENT_PROJECT_VERSION = 1;
				DEVELOPMENT_ASSET_PATHS = "\"flixpedia-swiftui/Preview Content\"";
				DEVELOPMENT_TEAM = J93376GTPL;
				ENABLE_PREVIEWS = YES;
				ENABLE_USER_SCRIPT_SANDBOXING = NO;
				GENERATE_INFOPLIST_FILE = YES;
				INFOPLIST_KEY_UIApplicationSceneManifest_Generation = YES;
				INFOPLIST_KEY_UIApplicationSupportsIndirectInputEvents = YES;
				INFOPLIST_KEY_UILaunchScreen_Generation = YES;
				INFOPLIST_KEY_UISupportedInterfaceOrientations_iPad = "UIInterfaceOrientationPortrait UIInterfaceOrientationPortraitUpsideDown UIInterfaceOrientationLandscapeLeft UIInterfaceOrientationLandscapeRight";
				INFOPLIST_KEY_UISupportedInterfaceOrientations_iPhone = "UIInterfaceOrientationPortrait UIInterfaceOrientationLandscapeLeft UIInterfaceOrientationLandscapeRight";
				LD_RUNPATH_SEARCH_PATHS = (
					"$(inherited)",
					"@executable_path/Frameworks",
				);
				MARKETING_VERSION = 1.0;
				PRODUCT_BUNDLE_IDENTIFIER = "xyz.zinlinphyo.flixpedia-swiftui";
				PRODUCT_NAME = "$(TARGET_NAME)";
				SWIFT_EMIT_LOC_STRINGS = YES;
				SWIFT_VERSION = 5.0;
				TARGETED_DEVICE_FAMILY = "1,2";
			};
			name = Release;
		};
		2D307B682CE3A6E600FDEF97 /* Debug */ = {
			isa = XCBuildConfiguration;
			baseConfigurationReference = 94A517EE2AE43842B531FA51 /* Pods-flixpedia-swiftuiTests.debug.xcconfig */;
			buildSettings = {
				BUNDLE_LOADER = "$(TEST_HOST)";
				CODE_SIGN_STYLE = Automatic;
				CURRENT_PROJECT_VERSION = 1;
				DEVELOPMENT_TEAM = J93376GTPL;
				GENERATE_INFOPLIST_FILE = YES;
				IPHONEOS_DEPLOYMENT_TARGET = 18.1;
				MARKETING_VERSION = 1.0;
				PRODUCT_BUNDLE_IDENTIFIER = "xyz.zinlinphyo.flixpedia-swiftuiTests";
				PRODUCT_NAME = "$(TARGET_NAME)";
				SWIFT_EMIT_LOC_STRINGS = NO;
				SWIFT_VERSION = 5.0;
				TARGETED_DEVICE_FAMILY = "1,2";
				TEST_HOST = "$(BUILT_PRODUCTS_DIR)/flixpedia-swiftui.app/$(BUNDLE_EXECUTABLE_FOLDER_PATH)/flixpedia-swiftui";
			};
			name = Debug;
		};
		2D307B692CE3A6E600FDEF97 /* Release */ = {
			isa = XCBuildConfiguration;
			baseConfigurationReference = CC48840A642AF1974F1CEA04 /* Pods-flixpedia-swiftuiTests.release.xcconfig */;
			buildSettings = {
				BUNDLE_LOADER = "$(TEST_HOST)";
				CODE_SIGN_STYLE = Automatic;
				CURRENT_PROJECT_VERSION = 1;
				DEVELOPMENT_TEAM = J93376GTPL;
				GENERATE_INFOPLIST_FILE = YES;
				IPHONEOS_DEPLOYMENT_TARGET = 18.1;
				MARKETING_VERSION = 1.0;
				PRODUCT_BUNDLE_IDENTIFIER = "xyz.zinlinphyo.flixpedia-swiftuiTests";
				PRODUCT_NAME = "$(TARGET_NAME)";
				SWIFT_EMIT_LOC_STRINGS = NO;
				SWIFT_VERSION = 5.0;
				TARGETED_DEVICE_FAMILY = "1,2";
				TEST_HOST = "$(BUILT_PRODUCTS_DIR)/flixpedia-swiftui.app/$(BUNDLE_EXECUTABLE_FOLDER_PATH)/flixpedia-swiftui";
			};
			name = Release;
		};
		2D307B6B2CE3A6E600FDEF97 /* Debug */ = {
			isa = XCBuildConfiguration;
			baseConfigurationReference = E9B74013B63DB53679C72097 /* Pods-flixpedia-swiftui-flixpedia-swiftuiUITests.debug.xcconfig */;
			buildSettings = {
				CODE_SIGN_STYLE = Automatic;
				CURRENT_PROJECT_VERSION = 1;
				DEVELOPMENT_TEAM = J93376GTPL;
				GENERATE_INFOPLIST_FILE = YES;
				MARKETING_VERSION = 1.0;
				PRODUCT_BUNDLE_IDENTIFIER = "xyz.zinlinphyo.flixpedia-swiftuiUITests";
				PRODUCT_NAME = "$(TARGET_NAME)";
				SWIFT_EMIT_LOC_STRINGS = NO;
				SWIFT_VERSION = 5.0;
				TARGETED_DEVICE_FAMILY = "1,2";
				TEST_TARGET_NAME = "flixpedia-swiftui";
			};
			name = Debug;
		};
		2D307B6C2CE3A6E600FDEF97 /* Release */ = {
			isa = XCBuildConfiguration;
			baseConfigurationReference = 6571B5B3D3397D17F7100B36 /* Pods-flixpedia-swiftui-flixpedia-swiftuiUITests.release.xcconfig */;
			buildSettings = {
				CODE_SIGN_STYLE = Automatic;
				CURRENT_PROJECT_VERSION = 1;
				DEVELOPMENT_TEAM = J93376GTPL;
				GENERATE_INFOPLIST_FILE = YES;
				MARKETING_VERSION = 1.0;
				PRODUCT_BUNDLE_IDENTIFIER = "xyz.zinlinphyo.flixpedia-swiftuiUITests";
				PRODUCT_NAME = "$(TARGET_NAME)";
				SWIFT_EMIT_LOC_STRINGS = NO;
				SWIFT_VERSION = 5.0;
				TARGETED_DEVICE_FAMILY = "1,2";
				TEST_TARGET_NAME = "flixpedia-swiftui";
			};
			name = Release;
		};
/* End XCBuildConfiguration section */

/* Begin XCConfigurationList section */
		2D307B3B2CE3A6E400FDEF97 /* Build configuration list for PBXProject "flixpedia-swiftui" */ = {
			isa = XCConfigurationList;
			buildConfigurations = (
				2D307B622CE3A6E600FDEF97 /* Debug */,
				2D307B632CE3A6E600FDEF97 /* Release */,
			);
			defaultConfigurationIsVisible = 0;
			defaultConfigurationName = Release;
		};
		2D307B642CE3A6E600FDEF97 /* Build configuration list for PBXNativeTarget "flixpedia-swiftui" */ = {
			isa = XCConfigurationList;
			buildConfigurations = (
				2D307B652CE3A6E600FDEF97 /* Debug */,
				2D307B662CE3A6E600FDEF97 /* Release */,
			);
			defaultConfigurationIsVisible = 0;
			defaultConfigurationName = Release;
		};
		2D307B672CE3A6E600FDEF97 /* Build configuration list for PBXNativeTarget "flixpedia-swiftuiTests" */ = {
			isa = XCConfigurationList;
			buildConfigurations = (
				2D307B682CE3A6E600FDEF97 /* Debug */,
				2D307B692CE3A6E600FDEF97 /* Release */,
			);
			defaultConfigurationIsVisible = 0;
			defaultConfigurationName = Release;
		};
		2D307B6A2CE3A6E600FDEF97 /* Build configuration list for PBXNativeTarget "flixpedia-swiftuiUITests" */ = {
			isa = XCConfigurationList;
			buildConfigurations = (
				2D307B6B2CE3A6E600FDEF97 /* Debug */,
				2D307B6C2CE3A6E600FDEF97 /* Release */,
			);
			defaultConfigurationIsVisible = 0;
			defaultConfigurationName = Release;
		};
/* End XCConfigurationList section */
	};
	rootObject = 2D307B382CE3A6E400FDEF97 /* Project object */;
}
